
Microsoft Visual Studio Solution File, Format Version 12.00
Project("{2150E333-8FDC-42A3-9474-1A3956D46DE8}") = "Libs", "Libs", "{4D7D67D0-D351-47FD-BAE5-35DF6CF342A6}"
EndProject
Project("{FAE04EC0-301F-11D3-BF4B-00C04F79EFBC}") = "ProjectCore", "..\Libs\ProjectCore\ProjectCore.csproj", "{3ED142BE-38B1-481D-8935-EAC5404F4299}"
EndProject
Project("{FAE04EC0-301F-11D3-BF4B-00C04F79EFBC}") = "Api", "Api\Api.csproj", "{A9CA00D4-12E2-49C7-B149-B53924E53CE6}"
EndProject
Project("{FAE04EC0-301F-11D3-BF4B-00C04F79EFBC}") = "Domain", "Domain\Domain.csproj", "{AFB13E8C-EC73-482A-AF9D-5BEB234C652C}"
EndProject
Project("{FAE04EC0-301F-11D3-BF4B-00C04F79EFBC}") = "Infrastructure", "Infrastructure\Infrastructure.csproj", "{392A884F-F37E-4B11-BDE1-01C0A1FDE93E}"
EndProject
Project("{FAE04EC0-301F-11D3-BF4B-00C04F79EFBC}") = "Application", "Application\Application.csproj", "{70E8E9D8-0D17-4EB5-8086-1B08CB6E557F}"
EndProject
Project("{FAE04EC0-301F-11D3-BF4B-00C04F79EFBC}") = "IdentityConnectionLib", "..\Libs\IdentityConnectionLib\IdentityConnectionLib.csproj", "{AD0A56D6-12A5-4567-BC8E-957DE55DEF63}"
EndProject
Project("{2150E333-8FDC-42A3-9474-1A3956D46DE8}") = "Solution Items", "Solution Items", "{1F68DB6D-027E-4EC7-876E-40F0C24DDBB3}"
	ProjectSection(SolutionItems) = preProject
		docker-compose.yml = docker-compose.yml
	EndProjectSection
EndProject
Project("{FAE04EC0-301F-11D3-BF4B-00C04F79EFBC}") = "CharactersCreaturesConnectionLib", "..\Libs\CharactersCreaturesConnectionLib\CharactersCreaturesConnectionLib.csproj", "{6FF150C6-C39A-47DC-B94E-30986BCA616E}"
EndProject
Global
	GlobalSection(SolutionConfigurationPlatforms) = preSolution
		Debug|Any CPU = Debug|Any CPU
		Release|Any CPU = Release|Any CPU
	EndGlobalSection
	GlobalSection(ProjectConfigurationPlatforms) = postSolution
		{3ED142BE-38B1-481D-8935-EAC5404F4299}.Debug|Any CPU.ActiveCfg = Debug|Any CPU
		{3ED142BE-38B1-481D-8935-EAC5404F4299}.Debug|Any CPU.Build.0 = Debug|Any CPU
		{3ED142BE-38B1-481D-8935-EAC5404F4299}.Release|Any CPU.ActiveCfg = Release|Any CPU
		{3ED142BE-38B1-481D-8935-EAC5404F4299}.Release|Any CPU.Build.0 = Release|Any CPU
		{A9CA00D4-12E2-49C7-B149-B53924E53CE6}.Debug|Any CPU.ActiveCfg = Debug|Any CPU
		{A9CA00D4-12E2-49C7-B149-B53924E53CE6}.Debug|Any CPU.Build.0 = Debug|Any CPU
		{A9CA00D4-12E2-49C7-B149-B53924E53CE6}.Release|Any CPU.ActiveCfg = Release|Any CPU
		{A9CA00D4-12E2-49C7-B149-B53924E53CE6}.Release|Any CPU.Build.0 = Release|Any CPU
		{AFB13E8C-EC73-482A-AF9D-5BEB234C652C}.Debug|Any CPU.ActiveCfg = Debug|Any CPU
		{AFB13E8C-EC73-482A-AF9D-5BEB234C652C}.Debug|Any CPU.Build.0 = Debug|Any CPU
		{AFB13E8C-EC73-482A-AF9D-5BEB234C652C}.Release|Any CPU.ActiveCfg = Release|Any CPU
		{AFB13E8C-EC73-482A-AF9D-5BEB234C652C}.Release|Any CPU.Build.0 = Release|Any CPU
		{392A884F-F37E-4B11-BDE1-01C0A1FDE93E}.Debug|Any CPU.ActiveCfg = Debug|Any CPU
		{392A884F-F37E-4B11-BDE1-01C0A1FDE93E}.Debug|Any CPU.Build.0 = Debug|Any CPU
		{392A884F-F37E-4B11-BDE1-01C0A1FDE93E}.Release|Any CPU.ActiveCfg = Release|Any CPU
		{392A884F-F37E-4B11-BDE1-01C0A1FDE93E}.Release|Any CPU.Build.0 = Release|Any CPU
		{70E8E9D8-0D17-4EB5-8086-1B08CB6E557F}.Debug|Any CPU.ActiveCfg = Debug|Any CPU
		{70E8E9D8-0D17-4EB5-8086-1B08CB6E557F}.Debug|Any CPU.Build.0 = Debug|Any CPU
		{70E8E9D8-0D17-4EB5-8086-1B08CB6E557F}.Release|Any CPU.ActiveCfg = Release|Any CPU
		{70E8E9D8-0D17-4EB5-8086-1B08CB6E557F}.Release|Any CPU.Build.0 = Release|Any CPU
		{AD0A56D6-12A5-4567-BC8E-957DE55DEF63}.Debug|Any CPU.ActiveCfg = Debug|Any CPU
		{AD0A56D6-12A5-4567-BC8E-957DE55DEF63}.Debug|Any CPU.Build.0 = Debug|Any CPU
		{AD0A56D6-12A5-4567-BC8E-957DE55DEF63}.Release|Any CPU.ActiveCfg = Release|Any CPU
		{AD0A56D6-12A5-4567-BC8E-957DE55DEF63}.Release|Any CPU.Build.0 = Release|Any CPU
		{6FF150C6-C39A-47DC-B94E-30986BCA616E}.Debug|Any CPU.ActiveCfg = Debug|Any CPU
		{6FF150C6-C39A-47DC-B94E-30986BCA616E}.Debug|Any CPU.Build.0 = Debug|Any CPU
		{6FF150C6-C39A-47DC-B94E-30986BCA616E}.Release|Any CPU.ActiveCfg = Release|Any CPU
		{6FF150C6-C39A-47DC-B94E-30986BCA616E}.Release|Any CPU.Build.0 = Release|Any CPU
	EndGlobalSection
	GlobalSection(NestedProjects) = preSolution
		{3ED142BE-38B1-481D-8935-EAC5404F4299} = {4D7D67D0-D351-47FD-BAE5-35DF6CF342A6}
		{AD0A56D6-12A5-4567-BC8E-957DE55DEF63} = {4D7D67D0-D351-47FD-BAE5-35DF6CF342A6}
		{6FF150C6-C39A-47DC-B94E-30986BCA616E} = {4D7D67D0-D351-47FD-BAE5-35DF6CF342A6}
	EndGlobalSection
EndGlobal
